{
  "name": "@plazarjs/http",
  "version": "2.1.1-alpha.0",
  "lockfileVersion": 1,
  "requires": true,
  "dependencies": {
    "@plazarjs/core": {
      "version": "2.1.1-alpha.0",
      "resolved": "https://registry.npmjs.org/@plazarjs/core/-/core-2.1.1-alpha.0.tgz",
      "integrity": "sha512-WHUOKJyzjSjxFeQ91QmkcjJ0aywBKx2ddfxD8nFfM7KR5zUoDC1sNVmKITIthz4nwLsAFaRM5/SRbJbV3a70BQ=="
    }
  }
}
