{
	"name": "@plazarjs/bootstrap-ui",
	"version": "2.0.0-alpha.0",
	"lockfileVersion": 1,
	"requires": true,
	"dependencies": {
		"@plazarjs/array-util": {
			"version": "2.0.0-alpha.0",
			"resolved": "https://registry.npmjs.org/@plazarjs/array-util/-/array-util-2.0.0-alpha.0.tgz",
			"integrity": "sha512-0aHGtGwYS7MSAvC5ZPpt4TUo5B2FgT9OgusZltXdbduBQBSlTCw6I/0JOmEyRmYNqtP4ARyj4Vj6oY9KC/UOlQ==",
			"requires": {
				"@plazarjs/core": "^2.0.0-alpha.0"
			}
		},
		"@plazarjs/core": {
			"version": "2.0.0-alpha.0",
			"resolved": "https://registry.npmjs.org/@plazarjs/core/-/core-2.0.0-alpha.0.tgz",
			"integrity": "sha512-zUDm3NMVcFUc1P0QiG72yKWtNrWB80hmg1YTXtmrfrdx6A7g+1Rj5YrhZcyziG+izQ/BYqNcp6UJDgGZ580a2g=="
		},
		"@plazarjs/object-util": {
			"version": "2.0.0-alpha.0",
			"resolved": "https://registry.npmjs.org/@plazarjs/object-util/-/object-util-2.0.0-alpha.0.tgz",
			"integrity": "sha512-mA5ap6uk7UieNStkiAVRt0Lh/8I32mrk0esFvyB6YsVO9V6bQ1u/fAg6tGlSixMki3JoYpR15gS/v5eieM6tqg==",
			"requires": {
				"@plazarjs/core": "^2.0.0-alpha.0"
			}
		}
	}
}
