{
	"name": "@plazarjs/bootstrap-ui",
	"version": "2.1.3",
	"lockfileVersion": 1,
	"requires": true,
	"dependencies": {
		"@plazarjs/core": {
			"version": "2.1.3",
			"resolved": "https://registry.npmjs.org/@plazarjs/core/-/core-2.1.3.tgz",
			"integrity": "sha512-jOCAINIPwzhaIdhYMQJtpbwjORGG+6RW5M3oJ67rgGj9NNojspm5ROte+R2Ide0M3RvGve45EGqPGQGBrnEqeQ=="
		},
		"bootstrap": {
			"version": "4.3.1",
			"resolved": "https://registry.npmjs.org/bootstrap/-/bootstrap-4.3.1.tgz",
			"integrity": "sha512-rXqOmH1VilAt2DyPzluTi2blhk17bO7ef+zLLPlWvG494pDxcM234pJ8wTc/6R40UWizAIIMgxjvxZg5kmsbag=="
		},
		"jquery": {
			"version": "3.3.1",
			"resolved": "https://registry.npmjs.org/jquery/-/jquery-3.3.1.tgz",
			"integrity": "sha512-Ubldcmxp5np52/ENotGxlLe6aGMvmF4R8S6tZjsP6Knsaxd/xp3Zrh50cG93lR6nPXyUFwzN3ZSOQI0wRJNdGg=="
		},
		"popper.js": {
			"version": "1.14.7",
			"resolved": "https://registry.npmjs.org/popper.js/-/popper.js-1.14.7.tgz",
			"integrity": "sha512-4q1hNvoUre/8srWsH7hnoSJ5xVmIL4qgz+s4qf2TnJIMyZFUFMGH+9vE7mXynAlHSZ/NdTmmow86muD0myUkVQ=="
		}
	}
}
